[[package]]
name = "atomicwrites"
version = "1.4.0"
description = "Atomic file writes."
category = "dev"
optional = false
python-versions = ">=2.7, !=3.0.*, !=3.1.*, !=3.2.*, !=3.3.*"

[[package]]
name = "attrs"
version = "21.2.0"
description = "Classes Without Boilerplate"
category = "dev"
optional = false
python-versions = ">=2.7, !=3.0.*, !=3.1.*, !=3.2.*, !=3.3.*, !=3.4.*"

[package.extras]
dev = ["coverage[toml] (>=5.0.2)", "hypothesis", "pympler", "pytest (>=4.3.0)", "six", "mypy", "pytest-mypy-plugins", "zope.interface", "furo", "sphinx", "sphinx-notfound-page", "pre-commit"]
docs = ["furo", "sphinx", "zope.interface", "sphinx-notfound-page"]
tests = ["coverage[toml] (>=5.0.2)", "hypothesis", "pympler", "pytest (>=4.3.0)", "six", "mypy", "pytest-mypy-plugins", "zope.interface"]
tests_no_zope = ["coverage[toml] (>=5.0.2)", "hypothesis", "pympler", "pytest (>=4.3.0)", "six", "mypy", "pytest-mypy-plugins"]

[[package]]
name = "colorama"
version = "0.4.4"
description = "Cross-platform colored terminal text."
category = "dev"
optional = false
python-versions = ">=2.7, !=3.0.*, !=3.1.*, !=3.2.*, !=3.3.*, !=3.4.*"

[[package]]
name = "importlib-metadata"
version = "4.6.1"
description = "Read metadata from Python packages"
category = "dev"
optional = false
python-versions = ">=3.6"

[package.dependencies]
typing-extensions = {version = ">=3.6.4", markers = "python_version < \"3.8\""}
zipp = ">=0.5"

[package.extras]
docs = ["sphinx", "jaraco.packaging (>=8.2)", "rst.linker (>=1.9)"]
perf = ["ipython"]
testing = ["pytest (>=4.6)", "pytest-checkdocs (>=2.4)", "pytest-flake8", "pytest-cov", "pytest-enabler (>=1.0.1)", "packaging", "pep517", "pyfakefs", "flufl.flake8", "pytest-perf (>=0.9.2)", "pytest-black (>=0.3.7)", "pytest-mypy", "importlib-resources (>=1.3)"]

[[package]]
name = "more-itertools"
version = "8.8.0"
description = "More routines for operating on iterables, beyond itertools"
category = "dev"
optional = false
python-versions = ">=3.5"

[[package]]
name = "numpy"
version = "1.20.3"
description = "NumPy is the fundamental package for array computing with Python."
category = "main"
optional = false
python-versions = ">=3.7"

[[package]]
name = "packaging"
version = "20.9"
description = "Core utilities for Python packages"
category = "dev"
optional = false
python-versions = ">=2.7, !=3.0.*, !=3.1.*, !=3.2.*, !=3.3.*"

[package.dependencies]
pyparsing = ">=2.0.2"

[[package]]
name = "pillow"
version = "8.3.1"
description = "Python Imaging Library (Fork)"
category = "main"
optional = false
python-versions = ">=3.6"

[[package]]
name = "pluggy"
version = "0.13.1"
description = "plugin and hook calling mechanisms for python"
category = "dev"
optional = false
python-versions = ">=2.7, !=3.0.*, !=3.1.*, !=3.2.*, !=3.3.*"

[package.dependencies]
importlib-metadata = {version = ">=0.12", markers = "python_version < \"3.8\""}

[package.extras]
dev = ["pre-commit", "tox"]

[[package]]
name = "py"
version = "1.10.0"
description = "library with cross-python path, ini-parsing, io, code, log facilities"
category = "dev"
optional = false
python-versions = ">=2.7, !=3.0.*, !=3.1.*, !=3.2.*, !=3.3.*"

[[package]]
name = "pyparsing"
version = "2.4.7"
description = "Python parsing module"
category = "dev"
optional = false
python-versions = ">=2.6, !=3.0.*, !=3.1.*, !=3.2.*"

[[package]]
name = "pytest"
version = "5.4.3"
description = "pytest: simple powerful testing with Python"
category = "dev"
optional = false
python-versions = ">=3.5"

[package.dependencies]
atomicwrites = {version = ">=1.0", markers = "sys_platform == \"win32\""}
attrs = ">=17.4.0"
colorama = {version = "*", markers = "sys_platform == \"win32\""}
importlib-metadata = {version = ">=0.12", markers = "python_version < \"3.8\""}
more-itertools = ">=4.0.0"
packaging = "*"
pluggy = ">=0.12,<1.0"
py = ">=1.5.0"
wcwidth = "*"

[package.extras]
checkqa-mypy = ["mypy (==v0.761)"]
testing = ["argcomplete", "hypothesis (>=3.56)", "mock", "nose", "requests", "xmlschema"]

[[package]]
name = "pyturbojpeg"
version = "1.5.1"
description = "A Python wrapper of libjpeg-turbo for decoding and encoding JPEG image."
category = "main"
optional = false
python-versions = "*"

[package.dependencies]
numpy = "*"

[[package]]
name = "tifffile"
version = "2021.6.14"
description = "Read and write TIFF files"
category = "main"
optional = false
python-versions = ">=3.7"

[package.dependencies]
numpy = ">=1.15.1"

[package.extras]
all = ["imagecodecs (>=2021.4.28)", "matplotlib (>=3.2)", "lxml"]

[[package]]
name = "typing-extensions"
version = "3.10.0.0"
description = "Backported and Experimental Type Hints for Python 3.5+"
category = "dev"
optional = false
python-versions = "*"

[[package]]
name = "wcwidth"
version = "0.2.5"
description = "Measures the displayed width of unicode strings in a terminal"
category = "dev"
optional = false
python-versions = "*"

[[package]]
name = "zipp"
version = "3.5.0"
description = "Backport of pathlib-compatible object wrapper for zip files"
category = "dev"
optional = false
python-versions = ">=3.6"

[package.extras]
docs = ["sphinx", "jaraco.packaging (>=8.2)", "rst.linker (>=1.9)"]
testing = ["pytest (>=4.6)", "pytest-checkdocs (>=2.4)", "pytest-flake8", "pytest-cov", "pytest-enabler (>=1.0.1)", "jaraco.itertools", "func-timeout", "pytest-black (>=0.3.7)", "pytest-mypy"]

[metadata]
lock-version = "1.1"
python-versions = "^3.7"
content-hash = "1f4602140ab589ff69cd18c0e572f0b6dedc0985357eeb5fc1e0f4b12b91c4c7"

[metadata.files]
atomicwrites = [
    {file = "atomicwrites-1.4.0-py2.py3-none-any.whl", hash = "sha256:6d1784dea7c0c8d4a5172b6c620f40b6e4cbfdf96d783691f2e1302a7b88e197"},
    {file = "atomicwrites-1.4.0.tar.gz", hash = "sha256:ae70396ad1a434f9c7046fd2dd196fc04b12f9e91ffb859164193be8b6168a7a"},
]
attrs = [
    {file = "attrs-21.2.0-py2.py3-none-any.whl", hash = "sha256:149e90d6d8ac20db7a955ad60cf0e6881a3f20d37096140088356da6c716b0b1"},
    {file = "attrs-21.2.0.tar.gz", hash = "sha256:ef6aaac3ca6cd92904cdd0d83f629a15f18053ec84e6432106f7a4d04ae4f5fb"},
]
colorama = [
    {file = "colorama-0.4.4-py2.py3-none-any.whl", hash = "sha256:9f47eda37229f68eee03b24b9748937c7dc3868f906e8ba69fbcbdd3bc5dc3e2"},
    {file = "colorama-0.4.4.tar.gz", hash = "sha256:5941b2b48a20143d2267e95b1c2a7603ce057ee39fd88e7329b0c292aa16869b"},
]
importlib-metadata = [
    {file = "importlib_metadata-4.6.1-py3-none-any.whl", hash = "sha256:9f55f560e116f8643ecf2922d9cd3e1c7e8d52e683178fecd9d08f6aa357e11e"},
    {file = "importlib_metadata-4.6.1.tar.gz", hash = "sha256:079ada16b7fc30dfbb5d13399a5113110dab1aa7c2bc62f66af75f0b717c8cac"},
]
more-itertools = [
    {file = "more-itertools-8.8.0.tar.gz", hash = "sha256:83f0308e05477c68f56ea3a888172c78ed5d5b3c282addb67508e7ba6c8f813a"},
    {file = "more_itertools-8.8.0-py3-none-any.whl", hash = "sha256:2cf89ec599962f2ddc4d568a05defc40e0a587fbc10d5989713638864c36be4d"},
]
numpy = [
    {file = "numpy-1.20.3-cp37-cp37m-macosx_10_9_x86_64.whl", hash = "sha256:70eb5808127284c4e5c9e836208e09d685a7978b6a216db85960b1a112eeace8"},
    {file = "numpy-1.20.3-cp37-cp37m-manylinux_2_12_i686.manylinux2010_i686.whl", hash = "sha256:6ca2b85a5997dabc38301a22ee43c82adcb53ff660b89ee88dded6b33687e1d8"},
    {file = "numpy-1.20.3-cp37-cp37m-manylinux_2_12_x86_64.manylinux2010_x86_64.whl", hash = "sha256:c5bf0e132acf7557fc9bb8ded8b53bbbbea8892f3c9a1738205878ca9434206a"},
    {file = "numpy-1.20.3-cp37-cp37m-manylinux_2_17_aarch64.manylinux2014_aarch64.whl", hash = "sha256:db250fd3e90117e0312b611574cd1b3f78bec046783195075cbd7ba9c3d73f16"},
    {file = "numpy-1.20.3-cp37-cp37m-manylinux_2_5_i686.manylinux1_i686.whl", hash = "sha256:637d827248f447e63585ca3f4a7d2dfaa882e094df6cfa177cc9cf9cd6cdf6d2"},
    {file = "numpy-1.20.3-cp37-cp37m-manylinux_2_5_x86_64.manylinux1_x86_64.whl", hash = "sha256:8b7bb4b9280da3b2856cb1fc425932f46fba609819ee1c62256f61799e6a51d2"},
    {file = "numpy-1.20.3-cp37-cp37m-win32.whl", hash = "sha256:67d44acb72c31a97a3d5d33d103ab06d8ac20770e1c5ad81bdb3f0c086a56cf6"},
    {file = "numpy-1.20.3-cp37-cp37m-win_amd64.whl", hash = "sha256:43909c8bb289c382170e0282158a38cf306a8ad2ff6dfadc447e90f9961bef43"},
    {file = "numpy-1.20.3-cp38-cp38-macosx_10_9_x86_64.whl", hash = "sha256:f1452578d0516283c87608a5a5548b0cdde15b99650efdfd85182102ef7a7c17"},
    {file = "numpy-1.20.3-cp38-cp38-manylinux_2_12_i686.manylinux2010_i686.whl", hash = "sha256:6e51534e78d14b4a009a062641f465cfaba4fdcb046c3ac0b1f61dd97c861b1b"},
    {file = "numpy-1.20.3-cp38-cp38-manylinux_2_12_x86_64.manylinux2010_x86_64.whl", hash = "sha256:e515c9a93aebe27166ec9593411c58494fa98e5fcc219e47260d9ab8a1cc7f9f"},
    {file = "numpy-1.20.3-cp38-cp38-manylinux_2_17_aarch64.manylinux2014_aarch64.whl", hash = "sha256:c1c09247ccea742525bdb5f4b5ceeacb34f95731647fe55774aa36557dbb5fa4"},
    {file = "numpy-1.20.3-cp38-cp38-manylinux_2_5_i686.manylinux1_i686.whl", hash = "sha256:66fbc6fed94a13b9801fb70b96ff30605ab0a123e775a5e7a26938b717c5d71a"},
    {file = "numpy-1.20.3-cp38-cp38-manylinux_2_5_x86_64.manylinux1_x86_64.whl", hash = "sha256:ea9cff01e75a956dbee133fa8e5b68f2f92175233de2f88de3a682dd94deda65"},
    {file = "numpy-1.20.3-cp38-cp38-win32.whl", hash = "sha256:f39a995e47cb8649673cfa0579fbdd1cdd33ea497d1728a6cb194d6252268e48"},
    {file = "numpy-1.20.3-cp38-cp38-win_amd64.whl", hash = "sha256:1676b0a292dd3c99e49305a16d7a9f42a4ab60ec522eac0d3dd20cdf362ac010"},
    {file = "numpy-1.20.3-cp39-cp39-macosx_10_9_x86_64.whl", hash = "sha256:830b044f4e64a76ba71448fce6e604c0fc47a0e54d8f6467be23749ac2cbd2fb"},
    {file = "numpy-1.20.3-cp39-cp39-manylinux_2_12_i686.manylinux2010_i686.whl", hash = "sha256:55b745fca0a5ab738647d0e4db099bd0a23279c32b31a783ad2ccea729e632df"},
    {file = "numpy-1.20.3-cp39-cp39-manylinux_2_12_x86_64.manylinux2010_x86_64.whl", hash = "sha256:5d050e1e4bc9ddb8656d7b4f414557720ddcca23a5b88dd7cff65e847864c400"},
    {file = "numpy-1.20.3-cp39-cp39-manylinux_2_17_aarch64.manylinux2014_aarch64.whl", hash = "sha256:a9c65473ebc342715cb2d7926ff1e202c26376c0dcaaee85a1fd4b8d8c1d3b2f"},
    {file = "numpy-1.20.3-cp39-cp39-win32.whl", hash = "sha256:16f221035e8bd19b9dc9a57159e38d2dd060b48e93e1d843c49cb370b0f415fd"},
    {file = "numpy-1.20.3-cp39-cp39-win_amd64.whl", hash = "sha256:6690080810f77485667bfbff4f69d717c3be25e5b11bb2073e76bb3f578d99b4"},
    {file = "numpy-1.20.3-pp37-pypy37_pp73-manylinux_2_12_x86_64.manylinux2010_x86_64.whl", hash = "sha256:4e465afc3b96dbc80cf4a5273e5e2b1e3451286361b4af70ce1adb2984d392f9"},
    {file = "numpy-1.20.3.zip", hash = "sha256:e55185e51b18d788e49fe8305fd73ef4470596b33fc2c1ceb304566b99c71a69"},
]
packaging = [
    {file = "packaging-20.9-py2.py3-none-any.whl", hash = "sha256:67714da7f7bc052e064859c05c595155bd1ee9f69f76557e21f051443c20947a"},
    {file = "packaging-20.9.tar.gz", hash = "sha256:5b327ac1320dc863dca72f4514ecc086f31186744b84a230374cc1fd776feae5"},
]
pillow = [
    {file = "Pillow-8.3.1-1-cp36-cp36m-win_amd64.whl", hash = "sha256:fd7eef578f5b2200d066db1b50c4aa66410786201669fb76d5238b007918fb24"},
    {file = "Pillow-8.3.1-1-cp37-cp37m-win_amd64.whl", hash = "sha256:75e09042a3b39e0ea61ce37e941221313d51a9c26b8e54e12b3ececccb71718a"},
    {file = "Pillow-8.3.1-1-cp38-cp38-win_amd64.whl", hash = "sha256:c0e0550a404c69aab1e04ae89cca3e2a042b56ab043f7f729d984bf73ed2a093"},
    {file = "Pillow-8.3.1-1-cp39-cp39-win_amd64.whl", hash = "sha256:479ab11cbd69612acefa8286481f65c5dece2002ffaa4f9db62682379ca3bb77"},
    {file = "Pillow-8.3.1-1-pp37-pypy37_pp73-win_amd64.whl", hash = "sha256:f156d6ecfc747ee111c167f8faf5f4953761b5e66e91a4e6767e548d0f80129c"},
    {file = "Pillow-8.3.1-cp36-cp36m-macosx_10_10_x86_64.whl", hash = "sha256:196560dba4da7a72c5e7085fccc5938ab4075fd37fe8b5468869724109812edd"},
    {file = "Pillow-8.3.1-cp36-cp36m-manylinux_2_17_aarch64.manylinux2014_aarch64.whl", hash = "sha256:29c9569049d04aaacd690573a0398dbd8e0bf0255684fee512b413c2142ab723"},
    {file = "Pillow-8.3.1-cp36-cp36m-manylinux_2_5_i686.manylinux1_i686.whl", hash = "sha256:c088a000dfdd88c184cc7271bfac8c5b82d9efa8637cd2b68183771e3cf56f04"},
    {file = "Pillow-8.3.1-cp36-cp36m-manylinux_2_5_x86_64.manylinux1_x86_64.whl", hash = "sha256:fc214a6b75d2e0ea7745488da7da3c381f41790812988c7a92345978414fad37"},
    {file = "Pillow-8.3.1-cp36-cp36m-win32.whl", hash = "sha256:a17ca41f45cf78c2216ebfab03add7cc350c305c38ff34ef4eef66b7d76c5229"},
    {file = "Pillow-8.3.1-cp36-cp36m-win_amd64.whl", hash = "sha256:67b3666b544b953a2777cb3f5a922e991be73ab32635666ee72e05876b8a92de"},
    {file = "Pillow-8.3.1-cp37-cp37m-macosx_10_10_x86_64.whl", hash = "sha256:ff04c373477723430dce2e9d024c708a047d44cf17166bf16e604b379bf0ca14"},
    {file = "Pillow-8.3.1-cp37-cp37m-manylinux_2_17_aarch64.manylinux2014_aarch64.whl", hash = "sha256:9364c81b252d8348e9cc0cb63e856b8f7c1b340caba6ee7a7a65c968312f7dab"},
    {file = "Pillow-8.3.1-cp37-cp37m-manylinux_2_5_i686.manylinux1_i686.whl", hash = "sha256:a2f381932dca2cf775811a008aa3027671ace723b7a38838045b1aee8669fdcf"},
    {file = "Pillow-8.3.1-cp37-cp37m-manylinux_2_5_x86_64.manylinux1_x86_64.whl", hash = "sha256:d0da39795049a9afcaadec532e7b669b5ebbb2a9134576ebcc15dd5bdae33cc0"},
    {file = "Pillow-8.3.1-cp37-cp37m-win32.whl", hash = "sha256:2b6dfa068a8b6137da34a4936f5a816aba0ecc967af2feeb32c4393ddd671cba"},
    {file = "Pillow-8.3.1-cp37-cp37m-win_amd64.whl", hash = "sha256:a4eef1ff2d62676deabf076f963eda4da34b51bc0517c70239fafed1d5b51500"},
    {file = "Pillow-8.3.1-cp38-cp38-macosx_10_10_x86_64.whl", hash = "sha256:660a87085925c61a0dcc80efb967512ac34dbb256ff7dd2b9b4ee8dbdab58cf4"},
    {file = "Pillow-8.3.1-cp38-cp38-macosx_11_0_arm64.whl", hash = "sha256:15a2808e269a1cf2131930183dcc0419bc77bb73eb54285dde2706ac9939fa8e"},
    {file = "Pillow-8.3.1-cp38-cp38-manylinux_2_17_aarch64.manylinux2014_aarch64.whl", hash = "sha256:969cc558cca859cadf24f890fc009e1bce7d7d0386ba7c0478641a60199adf79"},
    {file = "Pillow-8.3.1-cp38-cp38-manylinux_2_5_i686.manylinux1_i686.whl", hash = "sha256:2ee77c14a0299d0541d26f3d8500bb57e081233e3fa915fa35abd02c51fa7fae"},
    {file = "Pillow-8.3.1-cp38-cp38-manylinux_2_5_x86_64.manylinux1_x86_64.whl", hash = "sha256:c11003197f908878164f0e6da15fce22373ac3fc320cda8c9d16e6bba105b844"},
    {file = "Pillow-8.3.1-cp38-cp38-win32.whl", hash = "sha256:3f08bd8d785204149b5b33e3b5f0ebbfe2190ea58d1a051c578e29e39bfd2367"},
    {file = "Pillow-8.3.1-cp38-cp38-win_amd64.whl", hash = "sha256:70af7d222df0ff81a2da601fab42decb009dc721545ed78549cb96e3a1c5f0c8"},
    {file = "Pillow-8.3.1-cp39-cp39-macosx_10_10_x86_64.whl", hash = "sha256:37730f6e68bdc6a3f02d2079c34c532330d206429f3cee651aab6b66839a9f0e"},
    {file = "Pillow-8.3.1-cp39-cp39-macosx_11_0_arm64.whl", hash = "sha256:4bc3c7ef940eeb200ca65bd83005eb3aae8083d47e8fcbf5f0943baa50726856"},
    {file = "Pillow-8.3.1-cp39-cp39-manylinux_2_17_aarch64.manylinux2014_aarch64.whl", hash = "sha256:c35d09db702f4185ba22bb33ef1751ad49c266534339a5cebeb5159d364f6f82"},
    {file = "Pillow-8.3.1-cp39-cp39-manylinux_2_5_i686.manylinux1_i686.whl", hash = "sha256:0b2efa07f69dc395d95bb9ef3299f4ca29bcb2157dc615bae0b42c3c20668ffc"},
    {file = "Pillow-8.3.1-cp39-cp39-manylinux_2_5_x86_64.manylinux1_x86_64.whl", hash = "sha256:cc866706d56bd3a7dbf8bac8660c6f6462f2f2b8a49add2ba617bc0c54473d83"},
    {file = "Pillow-8.3.1-cp39-cp39-win32.whl", hash = "sha256:9a211b663cf2314edbdb4cf897beeb5c9ee3810d1d53f0e423f06d6ebbf9cd5d"},
    {file = "Pillow-8.3.1-cp39-cp39-win_amd64.whl", hash = "sha256:c2a5ff58751670292b406b9f06e07ed1446a4b13ffced6b6cab75b857485cbc8"},
    {file = "Pillow-8.3.1-pp36-pypy36_pp73-macosx_10_10_x86_64.whl", hash = "sha256:c379425c2707078dfb6bfad2430728831d399dc95a7deeb92015eb4c92345eaf"},
    {file = "Pillow-8.3.1-pp36-pypy36_pp73-manylinux_2_12_i686.manylinux2010_i686.whl", hash = "sha256:114f816e4f73f9ec06997b2fde81a92cbf0777c9e8f462005550eed6bae57e63"},
    {file = "Pillow-8.3.1-pp36-pypy36_pp73-manylinux_2_12_x86_64.manylinux2010_x86_64.whl", hash = "sha256:8960a8a9f4598974e4c2aeb1bff9bdd5db03ee65fd1fce8adf3223721aa2a636"},
    {file = "Pillow-8.3.1-pp37-pypy37_pp73-macosx_10_10_x86_64.whl", hash = "sha256:147bd9e71fb9dcf08357b4d530b5167941e222a6fd21f869c7911bac40b9994d"},
    {file = "Pillow-8.3.1-pp37-pypy37_pp73-manylinux_2_12_i686.manylinux2010_i686.whl", hash = "sha256:1fd5066cd343b5db88c048d971994e56b296868766e461b82fa4e22498f34d77"},
    {file = "Pillow-8.3.1-pp37-pypy37_pp73-manylinux_2_12_x86_64.manylinux2010_x86_64.whl", hash = "sha256:f4ebde71785f8bceb39dcd1e7f06bcc5d5c3cf48b9f69ab52636309387b097c8"},
    {file = "Pillow-8.3.1-pp37-pypy37_pp73-win_amd64.whl", hash = "sha256:1c03e24be975e2afe70dfc5da6f187eea0b49a68bb2b69db0f30a61b7031cee4"},
    {file = "Pillow-8.3.1.tar.gz", hash = "sha256:2cac53839bfc5cece8fdbe7f084d5e3ee61e1303cccc86511d351adcb9e2c792"},
]
pluggy = [
    {file = "pluggy-0.13.1-py2.py3-none-any.whl", hash = "sha256:966c145cd83c96502c3c3868f50408687b38434af77734af1e9ca461a4081d2d"},
    {file = "pluggy-0.13.1.tar.gz", hash = "sha256:15b2acde666561e1298d71b523007ed7364de07029219b604cf808bfa1c765b0"},
]
py = [
    {file = "py-1.10.0-py2.py3-none-any.whl", hash = "sha256:3b80836aa6d1feeaa108e046da6423ab8f6ceda6468545ae8d02d9d58d18818a"},
    {file = "py-1.10.0.tar.gz", hash = "sha256:21b81bda15b66ef5e1a777a21c4dcd9c20ad3efd0b3f817e7a809035269e1bd3"},
]
pyparsing = [
    {file = "pyparsing-2.4.7-py2.py3-none-any.whl", hash = "sha256:ef9d7589ef3c200abe66653d3f1ab1033c3c419ae9b9bdb1240a85b024efc88b"},
    {file = "pyparsing-2.4.7.tar.gz", hash = "sha256:c203ec8783bf771a155b207279b9bccb8dea02d8f0c9e5f8ead507bc3246ecc1"},
]
pytest = [
    {file = "pytest-5.4.3-py3-none-any.whl", hash = "sha256:5c0db86b698e8f170ba4582a492248919255fcd4c79b1ee64ace34301fb589a1"},
    {file = "pytest-5.4.3.tar.gz", hash = "sha256:7979331bfcba207414f5e1263b5a0f8f521d0f457318836a7355531ed1a4c7d8"},
]
pyturbojpeg = [
    {file = "PyTurboJPEG-1.5.1.tar.gz", hash = "sha256:e7a1672699d0cc53e5cf4bf9d3a0abc081dff6e5774752e26e7b842fb45c1428"},
]
tifffile = [
    {file = "tifffile-2021.6.14-py3-none-any.whl", hash = "sha256:3201f5ba297b94328954724bd48dbf1b36ec14c4ee4cd5a2ec1aa3f83c486200"},
    {file = "tifffile-2021.6.14.tar.gz", hash = "sha256:a2f83d82800a8d83cbd04340f9d65a6873a970874947a6b823b1b1238e84cba6"},
]
typing-extensions = [
    {file = "typing_extensions-3.10.0.0-py2-none-any.whl", hash = "sha256:0ac0f89795dd19de6b97debb0c6af1c70987fd80a2d62d1958f7e56fcc31b497"},
    {file = "typing_extensions-3.10.0.0-py3-none-any.whl", hash = "sha256:779383f6086d90c99ae41cf0ff39aac8a7937a9283ce0a414e5dd782f4c94a84"},
    {file = "typing_extensions-3.10.0.0.tar.gz", hash = "sha256:50b6f157849174217d0656f99dc82fe932884fb250826c18350e159ec6cdf342"},
]
wcwidth = [
    {file = "wcwidth-0.2.5-py2.py3-none-any.whl", hash = "sha256:beb4802a9cebb9144e99086eff703a642a13d6a0052920003a230f3294bbe784"},
    {file = "wcwidth-0.2.5.tar.gz", hash = "sha256:c4d647b99872929fdb7bdcaa4fbe7f01413ed3d98077df798530e5b04f116c83"},
]
zipp = [
    {file = "zipp-3.5.0-py3-none-any.whl", hash = "sha256:957cfda87797e389580cb8b9e3870841ca991e2125350677b2ca83a0e99390a3"},
    {file = "zipp-3.5.0.tar.gz", hash = "sha256:f5812b1e007e48cff63449a5e9f4e7ebea716b4111f9c4f9a645f91d579bf0c4"},
]
